// !$*UTF8*$!
{
	archiveVersion = 1;
	classes = {
	};
	objectVersion = 56;
	objects = {

/* Begin PBXBuildFile section */
		F2C54D6A2B40457000A4E4C0 /* MovieRaterApp.swift in Sources */ = {isa = PBXBuildFile; fileRef = F2C54D692B40457000A4E4C0 /* MovieRaterApp.swift */; };
		F2C54D6C2B40457000A4E4C0 /* MovieViewController.swift in Sources */ = {isa = PBXBuildFile; fileRef = F2C54D6B2B40457000A4E4C0 /* MovieViewController.swift */; };
		F2C54D6E2B40457000A4E4C0 /* MovieEntry.swift in Sources */ = {isa = PBXBuildFile; fileRef = F2C54D6D2B40457000A4E4C0 /* MovieEntry.swift */; };
		F2C54D702B40457100A4E4C0 /* Assets.xcassets in Resources */ = {isa = PBXBuildFile; fileRef = F2C54D6F2B40457100A4E4C0 /* Assets.xcassets */; };
		F2C54D732B40457100A4E4C0 /* Preview Assets.xcassets in Resources */ = {isa = PBXBuildFile; fileRef = F2C54D722B40457100A4E4C0 /* Preview Assets.xcassets */; };
		F2C54D7A2B4047F900A4E4C0 /* MovieDetailView.swift in Sources */ = {isa = PBXBuildFile; fileRef = F2C54D792B4047F900A4E4C0 /* MovieDetailView.swift */; };
		F2C54D7C2B404A3800A4E4C0 /* MovieRowView.swift in Sources */ = {isa = PBXBuildFile; fileRef = F2C54D7B2B404A3800A4E4C0 /* MovieRowView.swift */; };
		F2E1AF9A2B404CEA0078A39F /* MovieEditEntry.swift in Sources */ = {isa = PBXBuildFile; fileRef = F2E1AF992B404CEA0078A39F /* MovieEditEntry.swift */; };
		F2E1AF9C2B40539D0078A39F /* MovieCreateEntry.swift in Sources */ = {isa = PBXBuildFile; fileRef = F2E1AF9B2B40539D0078A39F /* MovieCreateEntry.swift */; };
/* End PBXBuildFile section */

/* Begin PBXFileReference section */
		F2C54D662B40457000A4E4C0 /* MovieRater.app */ = {isa = PBXFileReference; explicitFileType = wrapper.application; includeInIndex = 0; path = MovieRater.app; sourceTree = BUILT_PRODUCTS_DIR; };
		F2C54D692B40457000A4E4C0 /* MovieRaterApp.swift */ = {isa = PBXFileReference; lastKnownFileType = sourcecode.swift; path = MovieRaterApp.swift; sourceTree = "<group>"; };
		F2C54D6B2B40457000A4E4C0 /* MovieViewController.swift */ = {isa = PBXFileReference; lastKnownFileType = sourcecode.swift; path = MovieViewController.swift; sourceTree = "<group>"; };
		F2C54D6D2B40457000A4E4C0 /* MovieEntry.swift */ = {isa = PBXFileReference; lastKnownFileType = sourcecode.swift; path = MovieEntry.swift; sourceTree = "<group>"; };
		F2C54D6F2B40457100A4E4C0 /* Assets.xcassets */ = {isa = PBXFileReference; lastKnownFileType = folder.assetcatalog; path = Assets.xcassets; sourceTree = "<group>"; };
		F2C54D722B40457100A4E4C0 /* Preview Assets.xcassets */ = {isa = PBXFileReference; lastKnownFileType = folder.assetcatalog; path = "Preview Assets.xcassets"; sourceTree = "<group>"; };
		F2C54D792B4047F900A4E4C0 /* MovieDetailView.swift */ = {isa = PBXFileReference; lastKnownFileType = sourcecode.swift; path = MovieDetailView.swift; sourceTree = "<group>"; };
		F2C54D7B2B404A3800A4E4C0 /* MovieRowView.swift */ = {isa = PBXFileReference; lastKnownFileType = sourcecode.swift; path = MovieRowView.swift; sourceTree = "<group>"; };
		F2E1AF992B404CEA0078A39F /* MovieEditEntry.swift */ = {isa = PBXFileReference; lastKnownFileType = sourcecode.swift; path = MovieEditEntry.swift; sourceTree = "<group>"; };
		F2E1AF9B2B40539D0078A39F /* MovieCreateEntry.swift */ = {isa = PBXFileReference; lastKnownFileType = sourcecode.swift; path = MovieCreateEntry.swift; sourceTree = "<group>"; };
/* End PBXFileReference section */

/* Begin PBXFrameworksBuildPhase section */
		F2C54D632B40457000A4E4C0 /* Frameworks */ = {
			isa = PBXFrameworksBuildPhase;
			buildActionMask = 2147483647;
			files = (
			);
			runOnlyForDeploymentPostprocessing = 0;
		};
/* End PBXFrameworksBuildPhase section */

/* Begin PBXGroup section */
		F2C54D5D2B40457000A4E4C0 = {
			isa = PBXGroup;
			children = (
				F2C54D682B40457000A4E4C0 /* MovieRater */,
				F2C54D672B40457000A4E4C0 /* Products */,
			);
			sourceTree = "<group>";
		};
		F2C54D672B40457000A4E4C0 /* Products */ = {
			isa = PBXGroup;
			children = (
				F2C54D662B40457000A4E4C0 /* MovieRater.app */,
			);
			name = Products;
			sourceTree = "<group>";
		};
		F2C54D682B40457000A4E4C0 /* MovieRater */ = {
			isa = PBXGroup;
			children = (
				F2C54D692B40457000A4E4C0 /* MovieRaterApp.swift */,
				F2C54D6B2B40457000A4E4C0 /* MovieViewController.swift */,
				F2C54D792B4047F900A4E4C0 /* MovieDetailView.swift */,
				F2C54D7B2B404A3800A4E4C0 /* MovieRowView.swift */,
				F2E1AF9B2B40539D0078A39F /* MovieCreateEntry.swift */,
				F2E1AF992B404CEA0078A39F /* MovieEditEntry.swift */,
				F2C54D6D2B40457000A4E4C0 /* MovieEntry.swift */,
				F2C54D6F2B40457100A4E4C0 /* Assets.xcassets */,
				F2C54D712B40457100A4E4C0 /* Preview Content */,
			);
			path = MovieRater;
			sourceTree = "<group>";
		};
		F2C54D712B40457100A4E4C0 /* Preview Content */ = {
			isa = PBXGroup;
			children = (
				F2C54D722B40457100A4E4C0 /* Preview Assets.xcassets */,
			);
			path = "Preview Content";
			sourceTree = "<group>";
		};
/* End PBXGroup section */

/* Begin PBXNativeTarget section */
		F2C54D652B40457000A4E4C0 /* MovieRater */ = {
			isa = PBXNativeTarget;
			buildConfigurationList = F2C54D762B40457100A4E4C0 /* Build configuration list for PBXNativeTarget "MovieRater" */;
			buildPhases = (
				F2C54D622B40457000A4E4C0 /* Sources */,
				F2C54D632B40457000A4E4C0 /* Frameworks */,
				F2C54D642B40457000A4E4C0 /* Resources */,
			);
			buildRules = (
			);
			dependencies = (
			);
			name = MovieRater;
			productName = MovieRater;
			productReference = F2C54D662B40457000A4E4C0 /* MovieRater.app */;
			productType = "com.apple.product-type.application";
		};
/* End PBXNativeTarget section */

/* Begin PBXProject section */
		F2C54D5E2B40457000A4E4C0 /* Project object */ = {
			isa = PBXProject;
			attributes = {
				BuildIndependentTargetsInParallel = 1;
				LastSwiftUpdateCheck = 1500;
				LastUpgradeCheck = 1500;
				TargetAttributes = {
					F2C54D652B40457000A4E4C0 = {
						CreatedOnToolsVersion = 15.0.1;
					};
				};
			};
			buildConfigurationList = F2C54D612B40457000A4E4C0 /* Build configuration list for PBXProject "MovieRater" */;
			compatibilityVersion = "Xcode 14.0";
			developmentRegion = en;
			hasScannedForEncodings = 0;
			knownRegions = (
				en,
				Base,
			);
			mainGroup = F2C54D5D2B40457000A4E4C0;
			productRefGroup = F2C54D672B40457000A4E4C0 /* Products */;
			projectDirPath = "";
			projectRoot = "";
			targets = (
				F2C54D652B40457000A4E4C0 /* MovieRater */,
			);
		};
/* End PBXProject section */

/* Begin PBXResourcesBuildPhase section */
		F2C54D642B40457000A4E4C0 /* Resources */ = {
			isa = PBXResourcesBuildPhase;
			buildActionMask = 2147483647;
			files = (
				F2C54D732B40457100A4E4C0 /* Preview Assets.xcassets in Resources */,
				F2C54D702B40457100A4E4C0 /* Assets.xcassets in Resources */,
			);
			runOnlyForDeploymentPostprocessing = 0;
		};
/* End PBXResourcesBuildPhase section */

/* Begin PBXSourcesBuildPhase section */
		F2C54D622B40457000A4E4C0 /* Sources */ = {
			isa = PBXSourcesBuildPhase;
			buildActionMask = 2147483647;
			files = (
				F2C54D6C2B40457000A4E4C0 /* MovieViewController.swift in Sources */,
				F2E1AF9C2B40539D0078A39F /* MovieCreateEntry.swift in Sources */,
				F2C54D7C2B404A3800A4E4C0 /* MovieRowView.swift in Sources */,
				F2C54D6E2B40457000A4E4C0 /* MovieEntry.swift in Sources */,
				F2E1AF9A2B404CEA0078A39F /* MovieEditEntry.swift in Sources */,
				F2C54D7A2B4047F900A4E4C0 /* MovieDetailView.swift in Sources */,
				F2C54D6A2B40457000A4E4C0 /* MovieRaterApp.swift in Sources */,
			);
			runOnlyForDeploymentPostprocessing = 0;
		};
/* End PBXSourcesBuildPhase section */

/* Begin XCBuildConfiguration section */
		F2C54D742B40457100A4E4C0 /* Debug */ = {
			isa = XCBuildConfiguration;
			buildSettings = {
				ALWAYS_SEARCH_USER_PATHS = NO;
				ASSETCATALOG_COMPILER_GENERATE_SWIFT_ASSET_SYMBOL_EXTENSIONS = YES;
				CLANG_ANALYZER_NONNULL = YES;
				CLANG_ANALYZER_NUMBER_OBJECT_CONVERSION = YES_AGGRESSIVE;
				CLANG_CXX_LANGUAGE_STANDARD = "gnu++20";
				CLANG_ENABLE_MODULES = YES;
				CLANG_ENABLE_OBJC_ARC = YES;
				CLANG_ENABLE_OBJC_WEAK = YES;
				CLANG_WARN_BLOCK_CAPTURE_AUTORELEASING = YES;
				CLANG_WARN_BOOL_CONVERSION = YES;
				CLANG_WARN_COMMA = YES;
				CLANG_WARN_CONSTANT_CONVERSION = YES;
				CLANG_WARN_DEPRECATED_OBJC_IMPLEMENTATIONS = YES;
				CLANG_WARN_DIRECT_OBJC_ISA_USAGE = YES_ERROR;
				CLANG_WARN_DOCUMENTATION_COMMENTS = YES;
				CLANG_WARN_EMPTY_BODY = YES;
				CLANG_WARN_ENUM_CONVERSION = YES;
				CLANG_WARN_INFINITE_RECURSION = YES;
				CLANG_WARN_INT_CONVERSION = YES;
				CLANG_WARN_NON_LITERAL_NULL_CONVERSION = YES;
				CLANG_WARN_OBJC_IMPLICIT_RETAIN_SELF = YES;
				CLANG_WARN_OBJC_LITERAL_CONVERSION = YES;
				CLANG_WARN_OBJC_ROOT_CLASS = YES_ERROR;
				CLANG_WARN_QUOTED_INCLUDE_IN_FRAMEWORK_HEADER = YES;
				CLANG_WARN_RANGE_LOOP_ANALYSIS = YES;
				CLANG_WARN_STRICT_PROTOTYPES = YES;
				CLANG_WARN_SUSPICIOUS_MOVE = YES;
				CLANG_WARN_UNGUARDED_AVAILABILITY = YES_AGGRESSIVE;
				CLANG_WARN_UNREACHABLE_CODE = YES;
				CLANG_WARN__DUPLICATE_METHOD_MATCH = YES;
				COPY_PHASE_STRIP = NO;
				DEBUG_INFORMATION_FORMAT = dwarf;
				ENABLE_STRICT_OBJC_MSGSEND = YES;
				ENABLE_TESTABILITY = YES;
				ENABLE_USER_SCRIPT_SANDBOXING = YES;
				GCC_C_LANGUAGE_STANDARD = gnu17;
				GCC_DYNAMIC_NO_PIC = NO;
				GCC_NO_COMMON_BLOCKS = YES;
				GCC_OPTIMIZATION_LEVEL = 0;
				GCC_PREPROCESSOR_DEFINITIONS = (
					"DEBUG=1",
					"$(inherited)",
				);
				GCC_WARN_64_TO_32_BIT_CONVERSION = YES;
				GCC_WARN_ABOUT_RETURN_TYPE = YES_ERROR;
				GCC_WARN_UNDECLARED_SELECTOR = YES;
				GCC_WARN_UNINITIALIZED_AUTOS = YES_AGGRESSIVE;
				GCC_WARN_UNUSED_FUNCTION = YES;
				GCC_WARN_UNUSED_VARIABLE = YES;
				IPHONEOS_DEPLOYMENT_TARGET = 17.0;
				LOCALIZATION_PREFERS_STRING_CATALOGS = YES;
				MTL_ENABLE_DEBUG_INFO = INCLUDE_SOURCE;
				MTL_FAST_MATH = YES;
				ONLY_ACTIVE_ARCH = YES;
				SDKROOT = iphoneos;
				SWIFT_ACTIVE_COMPILATION_CONDITIONS = "DEBUG $(inherited)";
				SWIFT_OPTIMIZATION_LEVEL = "-Onone";
			};
			name = Debug;
		};
		F2C54D752B40457100A4E4C0 /* Release */ = {
			isa = XCBuildConfiguration;
			buildSettings = {
				ALWAYS_SEARCH_USER_PATHS = NO;
				ASSETCATALOG_COMPILER_GENERATE_SWIFT_ASSET_SYMBOL_EXTENSIONS = YES;
				CLANG_ANALYZER_NONNULL = YES;
				CLANG_ANALYZER_NUMBER_OBJECT_CONVERSION = YES_AGGRESSIVE;
				CLANG_CXX_LANGUAGE_STANDARD = "gnu++20";
				CLANG_ENABLE_MODULES = YES;
				CLANG_ENABLE_OBJC_ARC = YES;
				CLANG_ENABLE_OBJC_WEAK = YES;
				CLANG_WARN_BLOCK_CAPTURE_AUTORELEASING = YES;
				CLANG_WARN_BOOL_CONVERSION = YES;
				CLANG_WARN_COMMA = YES;
				CLANG_WARN_CONSTANT_CONVERSION = YES;
				CLANG_WARN_DEPRECATED_OBJC_IMPLEMENTATIONS = YES;
				CLANG_WARN_DIRECT_OBJC_ISA_USAGE = YES_ERROR;
				CLANG_WARN_DOCUMENTATION_COMMENTS = YES;
				CLANG_WARN_EMPTY_BODY = YES;
				CLANG_WARN_ENUM_CONVERSION = YES;
				CLANG_WARN_INFINITE_RECURSION = YES;
				CLANG_WARN_INT_CONVERSION = YES;
				CLANG_WARN_NON_LITERAL_NULL_CONVERSION = YES;
				CLANG_WARN_OBJC_IMPLICIT_RETAIN_SELF = YES;
				CLANG_WARN_OBJC_LITERAL_CONVERSION = YES;
				CLANG_WARN_OBJC_ROOT_CLASS = YES_ERROR;
				CLANG_WARN_QUOTED_INCLUDE_IN_FRAMEWORK_HEADER = YES;
				CLANG_WARN_RANGE_LOOP_ANALYSIS = YES;
				CLANG_WARN_STRICT_PROTOTYPES = YES;
				CLANG_WARN_SUSPICIOUS_MOVE = YES;
				CLANG_WARN_UNGUARDED_AVAILABILITY = YES_AGGRESSIVE;
				CLANG_WARN_UNREACHABLE_CODE = YES;
				CLANG_WARN__DUPLICATE_METHOD_MATCH = YES;
				COPY_PHASE_STRIP = NO;
				DEBUG_INFORMATION_FORMAT = "dwarf-with-dsym";
				ENABLE_NS_ASSERTIONS = NO;
				ENABLE_STRICT_OBJC_MSGSEND = YES;
				ENABLE_USER_SCRIPT_SANDBOXING = YES;
				GCC_C_LANGUAGE_STANDARD = gnu17;
				GCC_NO_COMMON_BLOCKS = YES;
				GCC_WARN_64_TO_32_BIT_CONVERSION = YES;
				GCC_WARN_ABOUT_RETURN_TYPE = YES_ERROR;
				GCC_WARN_UNDECLARED_SELECTOR = YES;
				GCC_WARN_UNINITIALIZED_AUTOS = YES_AGGRESSIVE;
				GCC_WARN_UNUSED_FUNCTION = YES;
				GCC_WARN_UNUSED_VARIABLE = YES;
				IPHONEOS_DEPLOYMENT_TARGET = 17.0;
				LOCALIZATION_PREFERS_STRING_CATALOGS = YES;
				MTL_ENABLE_DEBUG_INFO = NO;
				MTL_FAST_MATH = YES;
				SDKROOT = iphoneos;
				SWIFT_COMPILATION_MODE = wholemodule;
				VALIDATE_PRODUCT = YES;
			};
			name = Release;
		};
		F2C54D772B40457100A4E4C0 /* Debug */ = {
			isa = XCBuildConfiguration;
			buildSettings = {
				ASSETCATALOG_COMPILER_APPICON_NAME = AppIcon;
				ASSETCATALOG_COMPILER_GLOBAL_ACCENT_COLOR_NAME = AccentColor;
				CODE_SIGN_STYLE = Automatic;
				CURRENT_PROJECT_VERSION = 1;
				DEVELOPMENT_ASSET_PATHS = "\"MovieRater/Preview Content\"";
				DEVELOPMENT_TEAM = 559CFB8D42;
				ENABLE_PREVIEWS = YES;
				GENERATE_INFOPLIST_FILE = YES;
				INFOPLIST_KEY_UIApplicationSceneManifest_Generation = YES;
				INFOPLIST_KEY_UIApplicationSupportsIndirectInputEvents = YES;
				INFOPLIST_KEY_UILaunchScreen_Generation = YES;
				INFOPLIST_KEY_UISupportedInterfaceOrientations_iPad = "UIInterfaceOrientationPortrait UIInterfaceOrientationPortraitUpsideDown UIInterfaceOrientationLandscapeLeft UIInterfaceOrientationLandscapeRight";
				INFOPLIST_KEY_UISupportedInterfaceOrientations_iPhone = "UIInterfaceOrientationPortrait UIInterfaceOrientationLandscapeLeft UIInterfaceOrientationLandscapeRight";
				LD_RUNPATH_SEARCH_PATHS = (
					"$(inherited)",
					"@executable_path/Frameworks",
				);
				MARKETING_VERSION = 1.0;
				PRODUCT_BUNDLE_IDENTIFIER = com.techN9ne.MovieRater;
				PRODUCT_NAME = "$(TARGET_NAME)";
				SWIFT_EMIT_LOC_STRINGS = YES;
				SWIFT_VERSION = 5.0;
				TARGETED_DEVICE_FAMILY = "1,2";
			};
			name = Debug;
		};
		F2C54D782B40457100A4E4C0 /* Release */ = {
			isa = XCBuildConfiguration;
			buildSettings = {
				ASSETCATALOG_COMPILER_APPICON_NAME = AppIcon;
				ASSETCATALOG_COMPILER_GLOBAL_ACCENT_COLOR_NAME = AccentColor;
				CODE_SIGN_STYLE = Automatic;
				CURRENT_PROJECT_VERSION = 1;
				DEVELOPMENT_ASSET_PATHS = "\"MovieRater/Preview Content\"";
				DEVELOPMENT_TEAM = 559CFB8D42;
				ENABLE_PREVIEWS = YES;
				GENERATE_INFOPLIST_FILE = YES;
				INFOPLIST_KEY_UIApplicationSceneManifest_Generation = YES;
				INFOPLIST_KEY_UIApplicationSupportsIndirectInputEvents = YES;
				INFOPLIST_KEY_UILaunchScreen_Generation = YES;
				INFOPLIST_KEY_UISupportedInterfaceOrientations_iPad = "UIInterfaceOrientationPortrait UIInterfaceOrientationPortraitUpsideDown UIInterfaceOrientationLandscapeLeft UIInterfaceOrientationLandscapeRight";
				INFOPLIST_KEY_UISupportedInterfaceOrientations_iPhone = "UIInterfaceOrientationPortrait UIInterfaceOrientationLandscapeLeft UIInterfaceOrientationLandscapeRight";
				LD_RUNPATH_SEARCH_PATHS = (
					"$(inherited)",
					"@executable_path/Frameworks",
				);
				MARKETING_VERSION = 1.0;
				PRODUCT_BUNDLE_IDENTIFIER = com.techN9ne.MovieRater;
				PRODUCT_NAME = "$(TARGET_NAME)";
				SWIFT_EMIT_LOC_STRINGS = YES;
				SWIFT_VERSION = 5.0;
				TARGETED_DEVICE_FAMILY = "1,2";
			};
			name = Release;
		};
/* End XCBuildConfiguration section */

/* Begin XCConfigurationList section */
		F2C54D612B40457000A4E4C0 /* Build configuration list for PBXProject "MovieRater" */ = {
			isa = XCConfigurationList;
			buildConfigurations = (
				F2C54D742B40457100A4E4C0 /* Debug */,
				F2C54D752B40457100A4E4C0 /* Release */,
			);
			defaultConfigurationIsVisible = 0;
			defaultConfigurationName = Release;
		};
		F2C54D762B40457100A4E4C0 /* Build configuration list for PBXNativeTarget "MovieRater" */ = {
			isa = XCConfigurationList;
			buildConfigurations = (
				F2C54D772B40457100A4E4C0 /* Debug */,
				F2C54D782B40457100A4E4C0 /* Release */,
			);
			defaultConfigurationIsVisible = 0;
			defaultConfigurationName = Release;
		};
/* End XCConfigurationList section */
	};
	rootObject = F2C54D5E2B40457000A4E4C0 /* Project object */;
}
